
Microsoft Visual Studio Solution File, Format Version 12.00
# Visual Studio Version 17
VisualStudioVersion = 17.5.002.0
MinimumVisualStudioVersion = 10.0.40219.1
Project("{2150E333-8FDC-42A3-9474-1A3956D46DE8}") = "Finished", "Finished", "{FA1373FB-E8C1-4D36-B239-39B91C74BBD3}"
EndProject
Project("{2150E333-8FDC-42A3-9474-1A3956D46DE8}") = "Files", "Files", "{9FBC6AE7-2A50-4640-A22F-6E5D911F1B83}"
EndProject
Project("{9A19103F-16F7-4668-BE54-9A1E7A4F7556}") = "Challenge", "Finished\Files\Challenge\Challenge.csproj", "{98FE9FA8-1F3F-409B-82D8-35B1769A9CAF}"
EndProject
Project("{9A19103F-16F7-4668-BE54-9A1E7A4F7556}") = "CreateFiles", "Finished\Files\CreateFiles\CreateFiles.csproj", "{830F18BF-6FC0-44DE-AB2B-33968CDA3E27}"
EndProject
Project("{9A19103F-16F7-4668-BE54-9A1E7A4F7556}") = "Directories", "Finished\Files\Directories\Directories.csproj", "{45B5E711-0F98-424B-8E27-BEE30C0872C3}"
EndProject
Project("{9A19103F-16F7-4668-BE54-9A1E7A4F7556}") = "FileInfo", "Finished\Files\FileInfo\FileInfo.csproj", "{B9C33CFF-2065-46D5-9658-31EFE5E2B3F2}"
EndProject
Project("{9A19103F-16F7-4668-BE54-9A1E7A4F7556}") = "ReadWriteFiles", "Finished\Files\ReadWriteFiles\ReadWriteFiles.csproj", "{F86778C9-30FD-4A84-9DD1-471F6E7B38F8}"
EndProject
Project("{2150E333-8FDC-42A3-9474-1A3956D46DE8}") = "NumbersDates", "NumbersDates", "{BFB355EE-5F11-4BED-9000-095CED6577DA}"
EndProject
Project("{9A19103F-16F7-4668-BE54-9A1E7A4F7556}") = "Challenge", "Finished\NumbersDates\Challenge\Challenge.csproj", "{A58F315B-DBCE-446D-8035-FD4C5A95BBAC}"
EndProject
Project("{9A19103F-16F7-4668-BE54-9A1E7A4F7556}") = "DateTimeClass", "Finished\NumbersDates\DateTimeClass\DateTimeClass.csproj", "{E53C8D9C-623B-417B-B2D3-2C73A055D6BF}"
EndProject
Project("{9A19103F-16F7-4668-BE54-9A1E7A4F7556}") = "FormatDates", "Finished\NumbersDates\FormatDates\FormatDates.csproj", "{FB9127E8-9060-47CB-8736-7380D35905EC}"
EndProject
Project("{9A19103F-16F7-4668-BE54-9A1E7A4F7556}") = "FormatNumbers", "Finished\NumbersDates\FormatNumbers\FormatNumbers.csproj", "{1A906337-E341-4FD2-956B-230AFFFA22FD}"
EndProject
Project("{9A19103F-16F7-4668-BE54-9A1E7A4F7556}") = "ParseDates", "Finished\NumbersDates\ParseDates\ParseDates.csproj", "{2E94D5C2-C842-4841-924A-98675094D43D}"
EndProject
Project("{9A19103F-16F7-4668-BE54-9A1E7A4F7556}") = "ParseNumbers", "Finished\NumbersDates\ParseNumbers\ParseNumbers.csproj", "{3830CB6F-9890-4585-A68B-0F628261E785}"
EndProject
Project("{2150E333-8FDC-42A3-9474-1A3956D46DE8}") = "Overview", "Overview", "{88E88B36-52EE-45B4-97EA-AE2DD2BD37A4}"
EndProject
Project("{9A19103F-16F7-4668-BE54-9A1E7A4F7556}") = "DataTypes", "Finished\Overview\DataTypes\DataTypes.csproj", "{F59B2E58-F7BB-4D33-B1C4-FEB18F9C5C2C}"
EndProject
Project("{9A19103F-16F7-4668-BE54-9A1E7A4F7556}") = "GarbageCollect", "Finished\Overview\GarbageCollect\GarbageCollect.csproj", "{C60AAD44-D7C6-4842-9C14-636AE9DCCD6D}"
EndProject
Project("{9A19103F-16F7-4668-BE54-9A1E7A4F7556}") = "MyConsoleApp", "Finished\Overview\MyConsoleApp\MyConsoleApp.csproj", "{B97372B1-BB04-4421-84BE-673F1312AD85}"
EndProject
Project("{2150E333-8FDC-42A3-9474-1A3956D46DE8}") = "Regex", "Regex", "{D3A6CB69-FF1B-4CDD-9B14-02D8472A00BF}"
EndProject
Project("{9A19103F-16F7-4668-BE54-9A1E7A4F7556}") = "Challenge", "Finished\Regex\Challenge\Challenge.csproj", "{00A3A1A4-5FB8-420E-B25A-1152BD02DC41}"
EndProject
Project("{9A19103F-16F7-4668-BE54-9A1E7A4F7556}") = "Finding", "Finished\Regex\Finding\Finding.csproj", "{EA0DC81E-0851-4DB7-B3EC-EED19060DD81}"
EndProject
Project("{9A19103F-16F7-4668-BE54-9A1E7A4F7556}") = "Replacing", "Finished\Regex\Replacing\Replacing.csproj", "{82E75526-E4AF-4BC9-9383-8763C143075F}"
EndProject
Project("{9A19103F-16F7-4668-BE54-9A1E7A4F7556}") = "RegexTimeouts", "Finished\Regex\Timeouts\RegexTimeouts.csproj", "{9CED1BED-C57F-4955-B693-33BDA6C856F5}"
EndProject
Project("{2150E333-8FDC-42A3-9474-1A3956D46DE8}") = "Strings", "Strings", "{2394A371-1F91-43C0-9220-C72D580CD873}"
EndProject
Project("{9A19103F-16F7-4668-BE54-9A1E7A4F7556}") = "Formatting", "Finished\Strings\Formatting\Formatting.csproj", "{FCE8AAA0-5FA5-4C04-B1C0-F4F0ACD28548}"
EndProject
Project("{9A19103F-16F7-4668-BE54-9A1E7A4F7556}") = "Interpolation", "Finished\Strings\Interpolation\Interpolation.csproj", "{2AEBA4ED-6BF7-4A8B-B025-263824ACBAF3}"
EndProject
Project("{9A19103F-16F7-4668-BE54-9A1E7A4F7556}") = "Manipulation", "Finished\Strings\Manipulation\Manipulation.csproj", "{6B9F5B85-A391-42BC-AFE3-A9887E62BFF6}"
EndProject
Project("{9A19103F-16F7-4668-BE54-9A1E7A4F7556}") = "Searching", "Finished\Strings\Searching\Searching.csproj", "{A76316D0-7FC1-458A-A015-1861F56905A9}"
EndProject
Project("{2150E333-8FDC-42A3-9474-1A3956D46DE8}") = "Start", "Start", "{244AABEA-2E2D-4BE9-B937-865CEFE5A93C}"
EndProject
Project("{2150E333-8FDC-42A3-9474-1A3956D46DE8}") = "Files", "Files", "{9F12D00C-4196-41F2-AF22-DA5F87864A50}"
EndProject
Project("{9A19103F-16F7-4668-BE54-9A1E7A4F7556}") = "CreateFiles", "Start\Files\CreateFiles\CreateFiles.csproj", "{BA50C93D-3DD2-4C27-8536-B754AB3E6DF2}"
EndProject
Project("{9A19103F-16F7-4668-BE54-9A1E7A4F7556}") = "Directories", "Start\Files\Directories\Directories.csproj", "{2B090A73-DB14-4BD8-9067-17F9C5B05C6C}"
EndProject
Project("{9A19103F-16F7-4668-BE54-9A1E7A4F7556}") = "FileInfo", "Start\Files\FileInfo\FileInfo.csproj", "{9EA77C10-E30B-4452-8213-9C1033EC5632}"
EndProject
Project("{9A19103F-16F7-4668-BE54-9A1E7A4F7556}") = "ReadWriteFiles", "Start\Files\ReadWriteFiles\ReadWriteFiles.csproj", "{472F2D50-A17D-4011-BF9B-D1E892A12B4A}"
EndProject
Project("{2150E333-8FDC-42A3-9474-1A3956D46DE8}") = "NumbersDates", "NumbersDates", "{8F916657-E62A-4698-8B94-53C49A1E89E7}"
EndProject
Project("{9A19103F-16F7-4668-BE54-9A1E7A4F7556}") = "DateTimeClass", "Start\NumbersDates\DateTimeClass\DateTimeClass.csproj", "{80963970-BBDB-4B9B-BC19-AC69D1304EDE}"
EndProject
Project("{9A19103F-16F7-4668-BE54-9A1E7A4F7556}") = "FormatDates", "Start\NumbersDates\FormatDates\FormatDates.csproj", "{98E17089-1DB4-48BF-92A4-31342F98F4A0}"
EndProject
Project("{9A19103F-16F7-4668-BE54-9A1E7A4F7556}") = "FormatNumbers", "Start\NumbersDates\FormatNumbers\FormatNumbers.csproj", "{D6760680-5439-4783-8B42-E374BCB792C1}"
EndProject
Project("{9A19103F-16F7-4668-BE54-9A1E7A4F7556}") = "ParseDates", "Start\NumbersDates\ParseDates\ParseDates.csproj", "{36F030A4-13D2-4213-A462-5F9CC901AEE5}"
EndProject
Project("{9A19103F-16F7-4668-BE54-9A1E7A4F7556}") = "ParseNumbers", "Start\NumbersDates\ParseNumbers\ParseNumbers.csproj", "{63FD4101-80A7-4772-BD0F-B4BBE280CD9A}"
EndProject
Project("{2150E333-8FDC-42A3-9474-1A3956D46DE8}") = "Overview", "Overview", "{08E2F46B-64B8-44B6-B16C-9BDAB7AFD72E}"
EndProject
Project("{9A19103F-16F7-4668-BE54-9A1E7A4F7556}") = "DataTypes", "Start\Overview\DataTypes\DataTypes.csproj", "{43298834-182A-4042-9018-3A75D24EAD8A}"
EndProject
Project("{9A19103F-16F7-4668-BE54-9A1E7A4F7556}") = "GarbageCollect", "Start\Overview\GarbageCollect\GarbageCollect.csproj", "{BF182E9D-9434-458F-87C2-9E4E15EEE7D8}"
EndProject
Project("{9A19103F-16F7-4668-BE54-9A1E7A4F7556}") = "MyConsoleApp", "Start\Overview\MyConsoleApp\MyConsoleApp.csproj", "{E42989A8-E0CB-44E2-9232-ABF084AC2E9A}"
EndProject
Project("{2150E333-8FDC-42A3-9474-1A3956D46DE8}") = "Regex", "Regex", "{2361FDCB-35BB-42A2-BC57-1BF54E127A09}"
EndProject
Project("{9A19103F-16F7-4668-BE54-9A1E7A4F7556}") = "Finding", "Start\Regex\Finding\Finding.csproj", "{AE56F780-4B12-4753-BAB8-F1C94A614B5D}"
EndProject
Project("{9A19103F-16F7-4668-BE54-9A1E7A4F7556}") = "Replacing", "Start\Regex\Replacing\Replacing.csproj", "{7509CAE2-B315-48E4-8733-9A1C7949676A}"
EndProject
Project("{9A19103F-16F7-4668-BE54-9A1E7A4F7556}") = "RegexTimeouts", "Start\Regex\Timeouts\RegexTimeouts.csproj", "{BBC83ABB-5594-4583-B5CC-430A7B69FC5E}"
EndProject
Project("{2150E333-8FDC-42A3-9474-1A3956D46DE8}") = "Strings", "Strings", "{EEA424A8-72CC-427C-8B9F-8871FFF227D0}"
EndProject
Project("{9A19103F-16F7-4668-BE54-9A1E7A4F7556}") = "Formatting", "Start\Strings\Formatting\Formatting.csproj", "{6E19BA25-FD60-4F71-ADB5-F0835C4D68B9}"
EndProject
Project("{9A19103F-16F7-4668-BE54-9A1E7A4F7556}") = "Interpolation", "Start\Strings\Interpolation\Interpolation.csproj", "{2CBB15F6-E923-4D70-ADE8-D6AF61525092}"
EndProject
Project("{9A19103F-16F7-4668-BE54-9A1E7A4F7556}") = "Manipulation", "Start\Strings\Manipulation\Manipulation.csproj", "{719C487F-281C-4E28-8EC8-EB213FC515BD}"
EndProject
Project("{9A19103F-16F7-4668-BE54-9A1E7A4F7556}") = "Searching", "Start\Strings\Searching\Searching.csproj", "{016C5CA2-EFE0-40C2-8404-777B1E939B45}"
EndProject
Global
	GlobalSection(SolutionConfigurationPlatforms) = preSolution
		Debug|Any CPU = Debug|Any CPU
		Release|Any CPU = Release|Any CPU
	EndGlobalSection
	GlobalSection(ProjectConfigurationPlatforms) = postSolution
		{98FE9FA8-1F3F-409B-82D8-35B1769A9CAF}.Debug|Any CPU.ActiveCfg = Debug|Any CPU
		{98FE9FA8-1F3F-409B-82D8-35B1769A9CAF}.Debug|Any CPU.Build.0 = Debug|Any CPU
		{98FE9FA8-1F3F-409B-82D8-35B1769A9CAF}.Release|Any CPU.ActiveCfg = Release|Any CPU
		{98FE9FA8-1F3F-409B-82D8-35B1769A9CAF}.Release|Any CPU.Build.0 = Release|Any CPU
		{830F18BF-6FC0-44DE-AB2B-33968CDA3E27}.Debug|Any CPU.ActiveCfg = Debug|Any CPU
		{830F18BF-6FC0-44DE-AB2B-33968CDA3E27}.Debug|Any CPU.Build.0 = Debug|Any CPU
		{830F18BF-6FC0-44DE-AB2B-33968CDA3E27}.Release|Any CPU.ActiveCfg = Release|Any CPU
		{830F18BF-6FC0-44DE-AB2B-33968CDA3E27}.Release|Any CPU.Build.0 = Release|Any CPU
		{45B5E711-0F98-424B-8E27-BEE30C0872C3}.Debug|Any CPU.ActiveCfg = Debug|Any CPU
		{45B5E711-0F98-424B-8E27-BEE30C0872C3}.Debug|Any CPU.Build.0 = Debug|Any CPU
		{45B5E711-0F98-424B-8E27-BEE30C0872C3}.Release|Any CPU.ActiveCfg = Release|Any CPU
		{45B5E711-0F98-424B-8E27-BEE30C0872C3}.Release|Any CPU.Build.0 = Release|Any CPU
		{B9C33CFF-2065-46D5-9658-31EFE5E2B3F2}.Debug|Any CPU.ActiveCfg = Debug|Any CPU
		{B9C33CFF-2065-46D5-9658-31EFE5E2B3F2}.Debug|Any CPU.Build.0 = Debug|Any CPU
		{B9C33CFF-2065-46D5-9658-31EFE5E2B3F2}.Release|Any CPU.ActiveCfg = Release|Any CPU
		{B9C33CFF-2065-46D5-9658-31EFE5E2B3F2}.Release|Any CPU.Build.0 = Release|Any CPU
		{F86778C9-30FD-4A84-9DD1-471F6E7B38F8}.Debug|Any CPU.ActiveCfg = Debug|Any CPU
		{F86778C9-30FD-4A84-9DD1-471F6E7B38F8}.Debug|Any CPU.Build.0 = Debug|Any CPU
		{F86778C9-30FD-4A84-9DD1-471F6E7B38F8}.Release|Any CPU.ActiveCfg = Release|Any CPU
		{F86778C9-30FD-4A84-9DD1-471F6E7B38F8}.Release|Any CPU.Build.0 = Release|Any CPU
		{A58F315B-DBCE-446D-8035-FD4C5A95BBAC}.Debug|Any CPU.ActiveCfg = Debug|Any CPU
		{A58F315B-DBCE-446D-8035-FD4C5A95BBAC}.Debug|Any CPU.Build.0 = Debug|Any CPU
		{A58F315B-DBCE-446D-8035-FD4C5A95BBAC}.Release|Any CPU.ActiveCfg = Release|Any CPU
		{A58F315B-DBCE-446D-8035-FD4C5A95BBAC}.Release|Any CPU.Build.0 = Release|Any CPU
		{E53C8D9C-623B-417B-B2D3-2C73A055D6BF}.Debug|Any CPU.ActiveCfg = Debug|Any CPU
		{E53C8D9C-623B-417B-B2D3-2C73A055D6BF}.Debug|Any CPU.Build.0 = Debug|Any CPU
		{E53C8D9C-623B-417B-B2D3-2C73A055D6BF}.Release|Any CPU.ActiveCfg = Release|Any CPU
		{E53C8D9C-623B-417B-B2D3-2C73A055D6BF}.Release|Any CPU.Build.0 = Release|Any CPU
		{FB9127E8-9060-47CB-8736-7380D35905EC}.Debug|Any CPU.ActiveCfg = Debug|Any CPU
		{FB9127E8-9060-47CB-8736-7380D35905EC}.Debug|Any CPU.Build.0 = Debug|Any CPU
		{FB9127E8-9060-47CB-8736-7380D35905EC}.Release|Any CPU.ActiveCfg = Release|Any CPU
		{FB9127E8-9060-47CB-8736-7380D35905EC}.Release|Any CPU.Build.0 = Release|Any CPU
		{1A906337-E341-4FD2-956B-230AFFFA22FD}.Debug|Any CPU.ActiveCfg = Debug|Any CPU
		{1A906337-E341-4FD2-956B-230AFFFA22FD}.Debug|Any CPU.Build.0 = Debug|Any CPU
		{1A906337-E341-4FD2-956B-230AFFFA22FD}.Release|Any CPU.ActiveCfg = Release|Any CPU
		{1A906337-E341-4FD2-956B-230AFFFA22FD}.Release|Any CPU.Build.0 = Release|Any CPU
		{2E94D5C2-C842-4841-924A-98675094D43D}.Debug|Any CPU.ActiveCfg = Debug|Any CPU
		{2E94D5C2-C842-4841-924A-98675094D43D}.Debug|Any CPU.Build.0 = Debug|Any CPU
		{2E94D5C2-C842-4841-924A-98675094D43D}.Release|Any CPU.ActiveCfg = Release|Any CPU
		{2E94D5C2-C842-4841-924A-98675094D43D}.Release|Any CPU.Build.0 = Release|Any CPU
		{3830CB6F-9890-4585-A68B-0F628261E785}.Debug|Any CPU.ActiveCfg = Debug|Any CPU
		{3830CB6F-9890-4585-A68B-0F628261E785}.Debug|Any CPU.Build.0 = Debug|Any CPU
		{3830CB6F-9890-4585-A68B-0F628261E785}.Release|Any CPU.ActiveCfg = Release|Any CPU
		{3830CB6F-9890-4585-A68B-0F628261E785}.Release|Any CPU.Build.0 = Release|Any CPU
		{F59B2E58-F7BB-4D33-B1C4-FEB18F9C5C2C}.Debug|Any CPU.ActiveCfg = Debug|Any CPU
		{F59B2E58-F7BB-4D33-B1C4-FEB18F9C5C2C}.Debug|Any CPU.Build.0 = Debug|Any CPU
		{F59B2E58-F7BB-4D33-B1C4-FEB18F9C5C2C}.Release|Any CPU.ActiveCfg = Release|Any CPU
		{F59B2E58-F7BB-4D33-B1C4-FEB18F9C5C2C}.Release|Any CPU.Build.0 = Release|Any CPU
		{C60AAD44-D7C6-4842-9C14-636AE9DCCD6D}.Debug|Any CPU.ActiveCfg = Debug|Any CPU
		{C60AAD44-D7C6-4842-9C14-636AE9DCCD6D}.Debug|Any CPU.Build.0 = Debug|Any CPU
		{C60AAD44-D7C6-4842-9C14-636AE9DCCD6D}.Release|Any CPU.ActiveCfg = Release|Any CPU
		{C60AAD44-D7C6-4842-9C14-636AE9DCCD6D}.Release|Any CPU.Build.0 = Release|Any CPU
		{B97372B1-BB04-4421-84BE-673F1312AD85}.Debug|Any CPU.ActiveCfg = Debug|Any CPU
		{B97372B1-BB04-4421-84BE-673F1312AD85}.Debug|Any CPU.Build.0 = Debug|Any CPU
		{B97372B1-BB04-4421-84BE-673F1312AD85}.Release|Any CPU.ActiveCfg = Release|Any CPU
		{B97372B1-BB04-4421-84BE-673F1312AD85}.Release|Any CPU.Build.0 = Release|Any CPU
		{00A3A1A4-5FB8-420E-B25A-1152BD02DC41}.Debug|Any CPU.ActiveCfg = Debug|Any CPU
		{00A3A1A4-5FB8-420E-B25A-1152BD02DC41}.Debug|Any CPU.Build.0 = Debug|Any CPU
		{00A3A1A4-5FB8-420E-B25A-1152BD02DC41}.Release|Any CPU.ActiveCfg = Release|Any CPU
		{00A3A1A4-5FB8-420E-B25A-1152BD02DC41}.Release|Any CPU.Build.0 = Release|Any CPU
		{EA0DC81E-0851-4DB7-B3EC-EED19060DD81}.Debug|Any CPU.ActiveCfg = Debug|Any CPU
		{EA0DC81E-0851-4DB7-B3EC-EED19060DD81}.Debug|Any CPU.Build.0 = Debug|Any CPU
		{EA0DC81E-0851-4DB7-B3EC-EED19060DD81}.Release|Any CPU.ActiveCfg = Release|Any CPU
		{EA0DC81E-0851-4DB7-B3EC-EED19060DD81}.Release|Any CPU.Build.0 = Release|Any CPU
		{82E75526-E4AF-4BC9-9383-8763C143075F}.Debug|Any CPU.ActiveCfg = Debug|Any CPU
		{82E75526-E4AF-4BC9-9383-8763C143075F}.Debug|Any CPU.Build.0 = Debug|Any CPU
		{82E75526-E4AF-4BC9-9383-8763C143075F}.Release|Any CPU.ActiveCfg = Release|Any CPU
		{82E75526-E4AF-4BC9-9383-8763C143075F}.Release|Any CPU.Build.0 = Release|Any CPU
		{9CED1BED-C57F-4955-B693-33BDA6C856F5}.Debug|Any CPU.ActiveCfg = Debug|Any CPU
		{9CED1BED-C57F-4955-B693-33BDA6C856F5}.Debug|Any CPU.Build.0 = Debug|Any CPU
		{9CED1BED-C57F-4955-B693-33BDA6C856F5}.Release|Any CPU.ActiveCfg = Release|Any CPU
		{9CED1BED-C57F-4955-B693-33BDA6C856F5}.Release|Any CPU.Build.0 = Release|Any CPU
		{FCE8AAA0-5FA5-4C04-B1C0-F4F0ACD28548}.Debug|Any CPU.ActiveCfg = Debug|Any CPU
		{FCE8AAA0-5FA5-4C04-B1C0-F4F0ACD28548}.Debug|Any CPU.Build.0 = Debug|Any CPU
		{FCE8AAA0-5FA5-4C04-B1C0-F4F0ACD28548}.Release|Any CPU.ActiveCfg = Release|Any CPU
		{FCE8AAA0-5FA5-4C04-B1C0-F4F0ACD28548}.Release|Any CPU.Build.0 = Release|Any CPU
		{2AEBA4ED-6BF7-4A8B-B025-263824ACBAF3}.Debug|Any CPU.ActiveCfg = Debug|Any CPU
		{2AEBA4ED-6BF7-4A8B-B025-263824ACBAF3}.Debug|Any CPU.Build.0 = Debug|Any CPU
		{2AEBA4ED-6BF7-4A8B-B025-263824ACBAF3}.Release|Any CPU.ActiveCfg = Release|Any CPU
		{2AEBA4ED-6BF7-4A8B-B025-263824ACBAF3}.Release|Any CPU.Build.0 = Release|Any CPU
		{6B9F5B85-A391-42BC-AFE3-A9887E62BFF6}.Debug|Any CPU.ActiveCfg = Debug|Any CPU
		{6B9F5B85-A391-42BC-AFE3-A9887E62BFF6}.Debug|Any CPU.Build.0 = Debug|Any CPU
		{6B9F5B85-A391-42BC-AFE3-A9887E62BFF6}.Release|Any CPU.ActiveCfg = Release|Any CPU
		{6B9F5B85-A391-42BC-AFE3-A9887E62BFF6}.Release|Any CPU.Build.0 = Release|Any CPU
		{A76316D0-7FC1-458A-A015-1861F56905A9}.Debug|Any CPU.ActiveCfg = Debug|Any CPU
		{A76316D0-7FC1-458A-A015-1861F56905A9}.Debug|Any CPU.Build.0 = Debug|Any CPU
		{A76316D0-7FC1-458A-A015-1861F56905A9}.Release|Any CPU.ActiveCfg = Release|Any CPU
		{A76316D0-7FC1-458A-A015-1861F56905A9}.Release|Any CPU.Build.0 = Release|Any CPU
		{BA50C93D-3DD2-4C27-8536-B754AB3E6DF2}.Debug|Any CPU.ActiveCfg = Debug|Any CPU
		{BA50C93D-3DD2-4C27-8536-B754AB3E6DF2}.Debug|Any CPU.Build.0 = Debug|Any CPU
		{BA50C93D-3DD2-4C27-8536-B754AB3E6DF2}.Release|Any CPU.ActiveCfg = Release|Any CPU
		{BA50C93D-3DD2-4C27-8536-B754AB3E6DF2}.Release|Any CPU.Build.0 = Release|Any CPU
		{2B090A73-DB14-4BD8-9067-17F9C5B05C6C}.Debug|Any CPU.ActiveCfg = Debug|Any CPU
		{2B090A73-DB14-4BD8-9067-17F9C5B05C6C}.Debug|Any CPU.Build.0 = Debug|Any CPU
		{2B090A73-DB14-4BD8-9067-17F9C5B05C6C}.Release|Any CPU.ActiveCfg = Release|Any CPU
		{2B090A73-DB14-4BD8-9067-17F9C5B05C6C}.Release|Any CPU.Build.0 = Release|Any CPU
		{9EA77C10-E30B-4452-8213-9C1033EC5632}.Debug|Any CPU.ActiveCfg = Debug|Any CPU
		{9EA77C10-E30B-4452-8213-9C1033EC5632}.Debug|Any CPU.Build.0 = Debug|Any CPU
		{9EA77C10-E30B-4452-8213-9C1033EC5632}.Release|Any CPU.ActiveCfg = Release|Any CPU
		{9EA77C10-E30B-4452-8213-9C1033EC5632}.Release|Any CPU.Build.0 = Release|Any CPU
		{472F2D50-A17D-4011-BF9B-D1E892A12B4A}.Debug|Any CPU.ActiveCfg = Debug|Any CPU
		{472F2D50-A17D-4011-BF9B-D1E892A12B4A}.Debug|Any CPU.Build.0 = Debug|Any CPU
		{472F2D50-A17D-4011-BF9B-D1E892A12B4A}.Release|Any CPU.ActiveCfg = Release|Any CPU
		{472F2D50-A17D-4011-BF9B-D1E892A12B4A}.Release|Any CPU.Build.0 = Release|Any CPU
		{80963970-BBDB-4B9B-BC19-AC69D1304EDE}.Debug|Any CPU.ActiveCfg = Debug|Any CPU
		{80963970-BBDB-4B9B-BC19-AC69D1304EDE}.Debug|Any CPU.Build.0 = Debug|Any CPU
		{80963970-BBDB-4B9B-BC19-AC69D1304EDE}.Release|Any CPU.ActiveCfg = Release|Any CPU
		{80963970-BBDB-4B9B-BC19-AC69D1304EDE}.Release|Any CPU.Build.0 = Release|Any CPU
		{98E17089-1DB4-48BF-92A4-31342F98F4A0}.Debug|Any CPU.ActiveCfg = Debug|Any CPU
		{98E17089-1DB4-48BF-92A4-31342F98F4A0}.Debug|Any CPU.Build.0 = Debug|Any CPU
		{98E17089-1DB4-48BF-92A4-31342F98F4A0}.Release|Any CPU.ActiveCfg = Release|Any CPU
		{98E17089-1DB4-48BF-92A4-31342F98F4A0}.Release|Any CPU.Build.0 = Release|Any CPU
		{D6760680-5439-4783-8B42-E374BCB792C1}.Debug|Any CPU.ActiveCfg = Debug|Any CPU
		{D6760680-5439-4783-8B42-E374BCB792C1}.Debug|Any CPU.Build.0 = Debug|Any CPU
		{D6760680-5439-4783-8B42-E374BCB792C1}.Release|Any CPU.ActiveCfg = Release|Any CPU
		{D6760680-5439-4783-8B42-E374BCB792C1}.Release|Any CPU.Build.0 = Release|Any CPU
		{36F030A4-13D2-4213-A462-5F9CC901AEE5}.Debug|Any CPU.ActiveCfg = Debug|Any CPU
		{36F030A4-13D2-4213-A462-5F9CC901AEE5}.Debug|Any CPU.Build.0 = Debug|Any CPU
		{36F030A4-13D2-4213-A462-5F9CC901AEE5}.Release|Any CPU.ActiveCfg = Release|Any CPU
		{36F030A4-13D2-4213-A462-5F9CC901AEE5}.Release|Any CPU.Build.0 = Release|Any CPU
		{63FD4101-80A7-4772-BD0F-B4BBE280CD9A}.Debug|Any CPU.ActiveCfg = Debug|Any CPU
		{63FD4101-80A7-4772-BD0F-B4BBE280CD9A}.Debug|Any CPU.Build.0 = Debug|Any CPU
		{63FD4101-80A7-4772-BD0F-B4BBE280CD9A}.Release|Any CPU.ActiveCfg = Release|Any CPU
		{63FD4101-80A7-4772-BD0F-B4BBE280CD9A}.Release|Any CPU.Build.0 = Release|Any CPU
		{43298834-182A-4042-9018-3A75D24EAD8A}.Debug|Any CPU.ActiveCfg = Debug|Any CPU
		{43298834-182A-4042-9018-3A75D24EAD8A}.Debug|Any CPU.Build.0 = Debug|Any CPU
		{43298834-182A-4042-9018-3A75D24EAD8A}.Release|Any CPU.ActiveCfg = Release|Any CPU
		{43298834-182A-4042-9018-3A75D24EAD8A}.Release|Any CPU.Build.0 = Release|Any CPU
		{BF182E9D-9434-458F-87C2-9E4E15EEE7D8}.Debug|Any CPU.ActiveCfg = Debug|Any CPU
		{BF182E9D-9434-458F-87C2-9E4E15EEE7D8}.Debug|Any CPU.Build.0 = Debug|Any CPU
		{BF182E9D-9434-458F-87C2-9E4E15EEE7D8}.Release|Any CPU.ActiveCfg = Release|Any CPU
		{BF182E9D-9434-458F-87C2-9E4E15EEE7D8}.Release|Any CPU.Build.0 = Release|Any CPU
		{E42989A8-E0CB-44E2-9232-ABF084AC2E9A}.Debug|Any CPU.ActiveCfg = Debug|Any CPU
		{E42989A8-E0CB-44E2-9232-ABF084AC2E9A}.Debug|Any CPU.Build.0 = Debug|Any CPU
		{E42989A8-E0CB-44E2-9232-ABF084AC2E9A}.Release|Any CPU.ActiveCfg = Release|Any CPU
		{E42989A8-E0CB-44E2-9232-ABF084AC2E9A}.Release|Any CPU.Build.0 = Release|Any CPU
		{AE56F780-4B12-4753-BAB8-F1C94A614B5D}.Debug|Any CPU.ActiveCfg = Debug|Any CPU
		{AE56F780-4B12-4753-BAB8-F1C94A614B5D}.Debug|Any CPU.Build.0 = Debug|Any CPU
		{AE56F780-4B12-4753-BAB8-F1C94A614B5D}.Release|Any CPU.ActiveCfg = Release|Any CPU
		{AE56F780-4B12-4753-BAB8-F1C94A614B5D}.Release|Any CPU.Build.0 = Release|Any CPU
		{7509CAE2-B315-48E4-8733-9A1C7949676A}.Debug|Any CPU.ActiveCfg = Debug|Any CPU
		{7509CAE2-B315-48E4-8733-9A1C7949676A}.Debug|Any CPU.Build.0 = Debug|Any CPU
		{7509CAE2-B315-48E4-8733-9A1C7949676A}.Release|Any CPU.ActiveCfg = Release|Any CPU
		{7509CAE2-B315-48E4-8733-9A1C7949676A}.Release|Any CPU.Build.0 = Release|Any CPU
		{BBC83ABB-5594-4583-B5CC-430A7B69FC5E}.Debug|Any CPU.ActiveCfg = Debug|Any CPU
		{BBC83ABB-5594-4583-B5CC-430A7B69FC5E}.Debug|Any CPU.Build.0 = Debug|Any CPU
		{BBC83ABB-5594-4583-B5CC-430A7B69FC5E}.Release|Any CPU.ActiveCfg = Release|Any CPU
		{BBC83ABB-5594-4583-B5CC-430A7B69FC5E}.Release|Any CPU.Build.0 = Release|Any CPU
		{6E19BA25-FD60-4F71-ADB5-F0835C4D68B9}.Debug|Any CPU.ActiveCfg = Debug|Any CPU
		{6E19BA25-FD60-4F71-ADB5-F0835C4D68B9}.Debug|Any CPU.Build.0 = Debug|Any CPU
		{6E19BA25-FD60-4F71-ADB5-F0835C4D68B9}.Release|Any CPU.ActiveCfg = Release|Any CPU
		{6E19BA25-FD60-4F71-ADB5-F0835C4D68B9}.Release|Any CPU.Build.0 = Release|Any CPU
		{2CBB15F6-E923-4D70-ADE8-D6AF61525092}.Debug|Any CPU.ActiveCfg = Debug|Any CPU
		{2CBB15F6-E923-4D70-ADE8-D6AF61525092}.Debug|Any CPU.Build.0 = Debug|Any CPU
		{2CBB15F6-E923-4D70-ADE8-D6AF61525092}.Release|Any CPU.ActiveCfg = Release|Any CPU
		{2CBB15F6-E923-4D70-ADE8-D6AF61525092}.Release|Any CPU.Build.0 = Release|Any CPU
		{719C487F-281C-4E28-8EC8-EB213FC515BD}.Debug|Any CPU.ActiveCfg = Debug|Any CPU
		{719C487F-281C-4E28-8EC8-EB213FC515BD}.Debug|Any CPU.Build.0 = Debug|Any CPU
		{719C487F-281C-4E28-8EC8-EB213FC515BD}.Release|Any CPU.ActiveCfg = Release|Any CPU
		{719C487F-281C-4E28-8EC8-EB213FC515BD}.Release|Any CPU.Build.0 = Release|Any CPU
		{016C5CA2-EFE0-40C2-8404-777B1E939B45}.Debug|Any CPU.ActiveCfg = Debug|Any CPU
		{016C5CA2-EFE0-40C2-8404-777B1E939B45}.Debug|Any CPU.Build.0 = Debug|Any CPU
		{016C5CA2-EFE0-40C2-8404-777B1E939B45}.Release|Any CPU.ActiveCfg = Release|Any CPU
		{016C5CA2-EFE0-40C2-8404-777B1E939B45}.Release|Any CPU.Build.0 = Release|Any CPU
	EndGlobalSection
	GlobalSection(SolutionProperties) = preSolution
		HideSolutionNode = FALSE
	EndGlobalSection
	GlobalSection(NestedProjects) = preSolution
		{9FBC6AE7-2A50-4640-A22F-6E5D911F1B83} = {FA1373FB-E8C1-4D36-B239-39B91C74BBD3}
		{98FE9FA8-1F3F-409B-82D8-35B1769A9CAF} = {9FBC6AE7-2A50-4640-A22F-6E5D911F1B83}
		{830F18BF-6FC0-44DE-AB2B-33968CDA3E27} = {9FBC6AE7-2A50-4640-A22F-6E5D911F1B83}
		{45B5E711-0F98-424B-8E27-BEE30C0872C3} = {9FBC6AE7-2A50-4640-A22F-6E5D911F1B83}
		{B9C33CFF-2065-46D5-9658-31EFE5E2B3F2} = {9FBC6AE7-2A50-4640-A22F-6E5D911F1B83}
		{F86778C9-30FD-4A84-9DD1-471F6E7B38F8} = {9FBC6AE7-2A50-4640-A22F-6E5D911F1B83}
		{BFB355EE-5F11-4BED-9000-095CED6577DA} = {FA1373FB-E8C1-4D36-B239-39B91C74BBD3}
		{A58F315B-DBCE-446D-8035-FD4C5A95BBAC} = {BFB355EE-5F11-4BED-9000-095CED6577DA}
		{E53C8D9C-623B-417B-B2D3-2C73A055D6BF} = {BFB355EE-5F11-4BED-9000-095CED6577DA}
		{FB9127E8-9060-47CB-8736-7380D35905EC} = {BFB355EE-5F11-4BED-9000-095CED6577DA}
		{1A906337-E341-4FD2-956B-230AFFFA22FD} = {BFB355EE-5F11-4BED-9000-095CED6577DA}
		{2E94D5C2-C842-4841-924A-98675094D43D} = {BFB355EE-5F11-4BED-9000-095CED6577DA}
		{3830CB6F-9890-4585-A68B-0F628261E785} = {BFB355EE-5F11-4BED-9000-095CED6577DA}
		{88E88B36-52EE-45B4-97EA-AE2DD2BD37A4} = {FA1373FB-E8C1-4D36-B239-39B91C74BBD3}
		{F59B2E58-F7BB-4D33-B1C4-FEB18F9C5C2C} = {88E88B36-52EE-45B4-97EA-AE2DD2BD37A4}
		{C60AAD44-D7C6-4842-9C14-636AE9DCCD6D} = {88E88B36-52EE-45B4-97EA-AE2DD2BD37A4}
		{B97372B1-BB04-4421-84BE-673F1312AD85} = {88E88B36-52EE-45B4-97EA-AE2DD2BD37A4}
		{D3A6CB69-FF1B-4CDD-9B14-02D8472A00BF} = {FA1373FB-E8C1-4D36-B239-39B91C74BBD3}
		{00A3A1A4-5FB8-420E-B25A-1152BD02DC41} = {D3A6CB69-FF1B-4CDD-9B14-02D8472A00BF}
		{EA0DC81E-0851-4DB7-B3EC-EED19060DD81} = {D3A6CB69-FF1B-4CDD-9B14-02D8472A00BF}
		{82E75526-E4AF-4BC9-9383-8763C143075F} = {D3A6CB69-FF1B-4CDD-9B14-02D8472A00BF}
		{9CED1BED-C57F-4955-B693-33BDA6C856F5} = {D3A6CB69-FF1B-4CDD-9B14-02D8472A00BF}
		{2394A371-1F91-43C0-9220-C72D580CD873} = {FA1373FB-E8C1-4D36-B239-39B91C74BBD3}
		{FCE8AAA0-5FA5-4C04-B1C0-F4F0ACD28548} = {2394A371-1F91-43C0-9220-C72D580CD873}
		{2AEBA4ED-6BF7-4A8B-B025-263824ACBAF3} = {2394A371-1F91-43C0-9220-C72D580CD873}
		{6B9F5B85-A391-42BC-AFE3-A9887E62BFF6} = {2394A371-1F91-43C0-9220-C72D580CD873}
		{A76316D0-7FC1-458A-A015-1861F56905A9} = {2394A371-1F91-43C0-9220-C72D580CD873}
		{9F12D00C-4196-41F2-AF22-DA5F87864A50} = {244AABEA-2E2D-4BE9-B937-865CEFE5A93C}
		{BA50C93D-3DD2-4C27-8536-B754AB3E6DF2} = {9F12D00C-4196-41F2-AF22-DA5F87864A50}
		{2B090A73-DB14-4BD8-9067-17F9C5B05C6C} = {9F12D00C-4196-41F2-AF22-DA5F87864A50}
		{9EA77C10-E30B-4452-8213-9C1033EC5632} = {9F12D00C-4196-41F2-AF22-DA5F87864A50}
		{472F2D50-A17D-4011-BF9B-D1E892A12B4A} = {9F12D00C-4196-41F2-AF22-DA5F87864A50}
		{8F916657-E62A-4698-8B94-53C49A1E89E7} = {244AABEA-2E2D-4BE9-B937-865CEFE5A93C}
		{80963970-BBDB-4B9B-BC19-AC69D1304EDE} = {8F916657-E62A-4698-8B94-53C49A1E89E7}
		{98E17089-1DB4-48BF-92A4-31342F98F4A0} = {8F916657-E62A-4698-8B94-53C49A1E89E7}
		{D6760680-5439-4783-8B42-E374BCB792C1} = {8F916657-E62A-4698-8B94-53C49A1E89E7}
		{36F030A4-13D2-4213-A462-5F9CC901AEE5} = {8F916657-E62A-4698-8B94-53C49A1E89E7}
		{63FD4101-80A7-4772-BD0F-B4BBE280CD9A} = {8F916657-E62A-4698-8B94-53C49A1E89E7}
		{08E2F46B-64B8-44B6-B16C-9BDAB7AFD72E} = {244AABEA-2E2D-4BE9-B937-865CEFE5A93C}
		{43298834-182A-4042-9018-3A75D24EAD8A} = {08E2F46B-64B8-44B6-B16C-9BDAB7AFD72E}
		{BF182E9D-9434-458F-87C2-9E4E15EEE7D8} = {08E2F46B-64B8-44B6-B16C-9BDAB7AFD72E}
		{E42989A8-E0CB-44E2-9232-ABF084AC2E9A} = {08E2F46B-64B8-44B6-B16C-9BDAB7AFD72E}
		{2361FDCB-35BB-42A2-BC57-1BF54E127A09} = {244AABEA-2E2D-4BE9-B937-865CEFE5A93C}
		{AE56F780-4B12-4753-BAB8-F1C94A614B5D} = {2361FDCB-35BB-42A2-BC57-1BF54E127A09}
		{7509CAE2-B315-48E4-8733-9A1C7949676A} = {2361FDCB-35BB-42A2-BC57-1BF54E127A09}
		{BBC83ABB-5594-4583-B5CC-430A7B69FC5E} = {2361FDCB-35BB-42A2-BC57-1BF54E127A09}
		{EEA424A8-72CC-427C-8B9F-8871FFF227D0} = {244AABEA-2E2D-4BE9-B937-865CEFE5A93C}
		{6E19BA25-FD60-4F71-ADB5-F0835C4D68B9} = {EEA424A8-72CC-427C-8B9F-8871FFF227D0}
		{2CBB15F6-E923-4D70-ADE8-D6AF61525092} = {EEA424A8-72CC-427C-8B9F-8871FFF227D0}
		{719C487F-281C-4E28-8EC8-EB213FC515BD} = {EEA424A8-72CC-427C-8B9F-8871FFF227D0}
		{016C5CA2-EFE0-40C2-8404-777B1E939B45} = {EEA424A8-72CC-427C-8B9F-8871FFF227D0}
	EndGlobalSection
	GlobalSection(ExtensibilityGlobals) = postSolution
		SolutionGuid = {D001D08C-45FF-4843-8A3A-3068B7187329}
	EndGlobalSection
EndGlobal
